
Microsoft Visual Studio Solution File, Format Version 12.00
# Visual Studio Version 16
VisualStudioVersion = 16.0.31112.23
MinimumVisualStudioVersion = 10.0.40219.1
Project("{FAE04EC0-301F-11D3-BF4B-00C04F79EFBC}") = "BootFinal", "BootFinal\BootFinal.csproj", "{71C7D93F-F6E3-4F70-AB1E-4782803F8191}"
EndProject
Global
	GlobalSection(SolutionConfigurationPlatforms) = preSolution
		Debug|Any CPU = Debug|Any CPU
		Release|Any CPU = Release|Any CPU
	EndGlobalSection
	GlobalSection(ProjectConfigurationPlatforms) = postSolution
		{71C7D93F-F6E3-4F70-AB1E-4782803F8191}.Debug|Any CPU.ActiveCfg = Debug|Any CPU
		{71C7D93F-F6E3-4F70-AB1E-4782803F8191}.Debug|Any CPU.Build.0 = Debug|Any CPU
		{71C7D93F-F6E3-4F70-AB1E-4782803F8191}.Release|Any CPU.ActiveCfg = Release|Any CPU
		{71C7D93F-F6E3-4F70-AB1E-4782803F8191}.Release|Any CPU.Build.0 = Release|Any CPU
	EndGlobalSection
	GlobalSection(SolutionProperties) = preSolution
		HideSolutionNode = FALSE
	EndGlobalSection
	GlobalSection(ExtensibilityGlobals) = postSolution
		SolutionGuid = {6549ED77-4DBB-4B22-A174-6071F08BA795}
	EndGlobalSection
EndGlobal
